// !$*UTF8*$!
{
	archiveVersion = 1;
	classes = {
	};
	objectVersion = 46;
	objects = {

/* Begin PBXBuildFile section */
		35BB017E1D13D22F00225ED7 /* main.cpp in Sources */ = {isa = PBXBuildFile; fileRef = 35BB017D1D13D22F00225ED7 /* main.cpp */; };
/* End PBXBuildFile section */

/* Begin PBXFileReference section */
		35BB017A1D13D22F00225ED7 /* projet_3BIM */ = {isa = PBXFileReference; explicitFileType = "compiled.mach-o.executable"; includeInIndex = 0; path = projet_3BIM; sourceTree = BUILT_PRODUCTS_DIR; };
		35BB017D1D13D22F00225ED7 /* main.cpp */ = {isa = PBXFileReference; lastKnownFileType = sourcecode.cpp.cpp; path = main.cpp; sourceTree = "<group>"; };
		35BB01801D13D22F00225ED7 /* cute_image.jpg */ = {isa = PBXFileReference; lastKnownFileType = image.jpeg; path = cute_image.jpg; sourceTree = "<group>"; };
		35BB01811D13D22F00225ED7 /* nice_music.ogg */ = {isa = PBXFileReference; lastKnownFileType = file; path = nice_music.ogg; sourceTree = "<group>"; };
		35BB01821D13D22F00225ED7 /* sansation.ttf */ = {isa = PBXFileReference; lastKnownFileType = file; path = sansation.ttf; sourceTree = "<group>"; };
		35BB01831D13D22F00225ED7 /* icon.png */ = {isa = PBXFileReference; lastKnownFileType = image.png; path = icon.png; sourceTree = "<group>"; };
/* End PBXFileReference section */

/* Begin PBXFrameworksBuildPhase section */
		35BB01781D13D22F00225ED7 /* Frameworks */ = {
			isa = PBXFrameworksBuildPhase;
			buildActionMask = 2147483647;
			files = (
			);
			runOnlyForDeploymentPostprocessing = 0;
		};
/* End PBXFrameworksBuildPhase section */

/* Begin PBXGroup section */
		35BB01721D13D22F00225ED7 = {
			isa = PBXGroup;
			children = (
				35BB017C1D13D22F00225ED7 /* projet_3BIM */,
				35BB017B1D13D22F00225ED7 /* Products */,
			);
			sourceTree = "<group>";
		};
		35BB017B1D13D22F00225ED7 /* Products */ = {
			isa = PBXGroup;
			children = (
				35BB017A1D13D22F00225ED7 /* projet_3BIM */,
			);
			name = Products;
			sourceTree = "<group>";
		};
		35BB017C1D13D22F00225ED7 /* projet_3BIM */ = {
			isa = PBXGroup;
			children = (
				35BB017D1D13D22F00225ED7 /* main.cpp */,
				35BB017F1D13D22F00225ED7 /* Resources */,
			);
			path = projet_3BIM;
			sourceTree = "<group>";
		};
		35BB017F1D13D22F00225ED7 /* Resources */ = {
			isa = PBXGroup;
			children = (
				35BB01801D13D22F00225ED7 /* cute_image.jpg */,
				35BB01811D13D22F00225ED7 /* nice_music.ogg */,
				35BB01821D13D22F00225ED7 /* sansation.ttf */,
				35BB01831D13D22F00225ED7 /* icon.png */,
			);
			name = Resources;
			sourceTree = "<group>";
		};
/* End PBXGroup section */

/* Begin PBXNativeTarget section */
		35BB01791D13D22F00225ED7 /* projet_3BIM */ = {
			isa = PBXNativeTarget;
			buildConfigurationList = 35BB01861D13D22F00225ED7 /* Build configuration list for PBXNativeTarget "projet_3BIM" */;
			buildPhases = (
				35BB01771D13D22F00225ED7 /* Sources */,
				35BB01781D13D22F00225ED7 /* Frameworks */,
			);
			buildRules = (
			);
			dependencies = (
			);
			name = projet_3BIM;
			productName = projet_3BIM;
			productReference = 35BB017A1D13D22F00225ED7 /* projet_3BIM */;
			productType = "com.apple.product-type.tool";
		};
/* End PBXNativeTarget section */

/* Begin PBXProject section */
		35BB01731D13D22F00225ED7 /* Project object */ = {
			isa = PBXProject;
			attributes = {
				LastUpgradeCheck = 0720;
				ORGANIZATIONNAME = "Marianne Simon";
				TargetAttributes = {
					35BB01791D13D22F00225ED7 = {
						CreatedOnToolsVersion = 7.2;
					};
				};
			};
			buildConfigurationList = 35BB01761D13D22F00225ED7 /* Build configuration list for PBXProject "projet_3BIM" */;
			compatibilityVersion = "Xcode 3.2";
			developmentRegion = English;
			hasScannedForEncodings = 0;
			knownRegions = (
				en,
			);
			mainGroup = 35BB01721D13D22F00225ED7;
			productRefGroup = 35BB017B1D13D22F00225ED7 /* Products */;
			projectDirPath = "";
			projectRoot = "";
			targets = (
				35BB01791D13D22F00225ED7 /* projet_3BIM */,
			);
		};
/* End PBXProject section */

/* Begin PBXSourcesBuildPhase section */
		35BB01771D13D22F00225ED7 /* Sources */ = {
			isa = PBXSourcesBuildPhase;
			buildActionMask = 2147483647;
			files = (
				35BB017E1D13D22F00225ED7 /* main.cpp in Sources */,
			);
			runOnlyForDeploymentPostprocessing = 0;
		};
/* End PBXSourcesBuildPhase section */

/* Begin XCBuildConfiguration section */
		35BB01841D13D22F00225ED7 /* Debug */ = {
			isa = XCBuildConfiguration;
			buildSettings = {
				ARCHS = (
					i386,
					x86_64,
				);
				CLANG_CXX_LANGUAGE_STANDARD = "c++0x";
				CLANG_CXX_LIBRARY = "libc++";
				FRAMEWORK_SEARCH_PATHS = (
					/Library/Frameworks/,
					"$(inherited)",
				);
				GCC_VERSION = com.apple.compilers.llvm.clang.1_0;
				HEADER_SEARCH_PATHS = (
					/usr/local/include/,
					"$(inherited)",
				);
				LIBRARY_SEARCH_PATHS = (
					/usr/local/lib/,
					"$(inherited)",
				);
				MACOSX_DEPLOYMENT_TARGET = 10.7;
				OTHER_LDFLAGS = (
					"$(inherited)",
					"$(SFML_SYSTEM)",
					"$(SFML_WINDOW)",
					"$(SFML_GRAPHICS)",
					"$(SFML_AUDIO)",
					"$(SFML_NETWORK)",
				);
				SFML_AUDIO = "$(SFML_LINK_PREFIX) sfml-audio$(SFML_LINK_SUFFIX)";
				SFML_BINARY_TYPE = FRAMEWORKS;
				SFML_GRAPHICS = "$(SFML_LINK_PREFIX) sfml-graphics$(SFML_LINK_SUFFIX)";
				SFML_LINK_DYLIBS_PREFIX = "-l";
				SFML_LINK_DYLIBS_SUFFIX = "";
				SFML_LINK_FRAMEWORKS_PREFIX = "-framework";
				SFML_LINK_FRAMEWORKS_SUFFIX = "";
				SFML_LINK_PREFIX = "$(SFML_LINK_$(SFML_BINARY_TYPE)_PREFIX)";
				SFML_LINK_SUFFIX = "$(SFML_LINK_$(SFML_BINARY_TYPE)_SUFFIX)";
				SFML_NETWORK = "$(SFML_LINK_PREFIX) sfml-network$(SFML_LINK_SUFFIX)";
				SFML_SYSTEM = "$(SFML_LINK_PREFIX) sfml-system$(SFML_LINK_SUFFIX)";
				SFML_WINDOW = "$(SFML_LINK_PREFIX) sfml-window$(SFML_LINK_SUFFIX)";
				SUPPORTED_PLATFORMS = macosx;
			};
			name = Debug;
		};
		35BB01851D13D22F00225ED7 /* Release */ = {
			isa = XCBuildConfiguration;
			buildSettings = {
				ARCHS = (
					i386,
					x86_64,
				);
				CLANG_CXX_LANGUAGE_STANDARD = "c++0x";
				CLANG_CXX_LIBRARY = "libc++";
				FRAMEWORK_SEARCH_PATHS = (
					/Library/Frameworks/,
					"$(inherited)",
				);
				GCC_VERSION = com.apple.compilers.llvm.clang.1_0;
				HEADER_SEARCH_PATHS = (
					/usr/local/include/,
					"$(inherited)",
				);
				LIBRARY_SEARCH_PATHS = (
					/usr/local/lib/,
					"$(inherited)",
				);
				MACOSX_DEPLOYMENT_TARGET = 10.7;
				OTHER_LDFLAGS = (
					"$(inherited)",
					"$(SFML_SYSTEM)",
					"$(SFML_WINDOW)",
					"$(SFML_GRAPHICS)",
					"$(SFML_AUDIO)",
					"$(SFML_NETWORK)",
				);
				SFML_AUDIO = "$(SFML_LINK_PREFIX) sfml-audio$(SFML_LINK_SUFFIX)";
				SFML_BINARY_TYPE = FRAMEWORKS;
				SFML_GRAPHICS = "$(SFML_LINK_PREFIX) sfml-graphics$(SFML_LINK_SUFFIX)";
				SFML_LINK_DYLIBS_PREFIX = "-l";
				SFML_LINK_DYLIBS_SUFFIX = "";
				SFML_LINK_FRAMEWORKS_PREFIX = "-framework";
				SFML_LINK_FRAMEWORKS_SUFFIX = "";
				SFML_LINK_PREFIX = "$(SFML_LINK_$(SFML_BINARY_TYPE)_PREFIX)";
				SFML_LINK_SUFFIX = "$(SFML_LINK_$(SFML_BINARY_TYPE)_SUFFIX)";
				SFML_NETWORK = "$(SFML_LINK_PREFIX) sfml-network$(SFML_LINK_SUFFIX)";
				SFML_SYSTEM = "$(SFML_LINK_PREFIX) sfml-system$(SFML_LINK_SUFFIX)";
				SFML_WINDOW = "$(SFML_LINK_PREFIX) sfml-window$(SFML_LINK_SUFFIX)";
				SUPPORTED_PLATFORMS = macosx;
			};
			name = Release;
		};
		35BB01871D13D22F00225ED7 /* Debug */ = {
			isa = XCBuildConfiguration;
			buildSettings = {
				PRODUCT_NAME = "$(TARGET_NAME)";
			};
			name = Debug;
		};
		35BB01881D13D22F00225ED7 /* Release */ = {
			isa = XCBuildConfiguration;
			buildSettings = {
				PRODUCT_NAME = "$(TARGET_NAME)";
			};
			name = Release;
		};
/* End XCBuildConfiguration section */

/* Begin XCConfigurationList section */
		35BB01761D13D22F00225ED7 /* Build configuration list for PBXProject "projet_3BIM" */ = {
			isa = XCConfigurationList;
			buildConfigurations = (
				35BB01841D13D22F00225ED7 /* Debug */,
				35BB01851D13D22F00225ED7 /* Release */,
			);
			defaultConfigurationIsVisible = 0;
			defaultConfigurationName = Release;
		};
		35BB01861D13D22F00225ED7 /* Build configuration list for PBXNativeTarget "projet_3BIM" */ = {
			isa = XCConfigurationList;
			buildConfigurations = (
				35BB01871D13D22F00225ED7 /* Debug */,
				35BB01881D13D22F00225ED7 /* Release */,
			);
			defaultConfigurationIsVisible = 0;
		};
/* End XCConfigurationList section */
	};
	rootObject = 35BB01731D13D22F00225ED7 /* Project object */;
}
