// !$*UTF8*$!
{
	archiveVersion = 1;
	classes = {
	};
	objectVersion = 46;
	objects = {

/* Begin PBXBuildFile section */
		359D9D321D15E5630084567F /* main.cpp in Sources */ = {isa = PBXBuildFile; fileRef = 359D9D311D15E5630084567F /* main.cpp */; };
/* End PBXBuildFile section */

/* Begin PBXFileReference section */
		359D9D2E1D15E5630084567F /* projet */ = {isa = PBXFileReference; explicitFileType = "compiled.mach-o.executable"; includeInIndex = 0; path = projet; sourceTree = BUILT_PRODUCTS_DIR; };
		359D9D311D15E5630084567F /* main.cpp */ = {isa = PBXFileReference; lastKnownFileType = sourcecode.cpp.cpp; path = main.cpp; sourceTree = "<group>"; };
		359D9D341D15E5630084567F /* cute_image.jpg */ = {isa = PBXFileReference; lastKnownFileType = image.jpeg; path = cute_image.jpg; sourceTree = "<group>"; };
		359D9D351D15E5630084567F /* nice_music.ogg */ = {isa = PBXFileReference; lastKnownFileType = file; path = nice_music.ogg; sourceTree = "<group>"; };
		359D9D361D15E5630084567F /* sansation.ttf */ = {isa = PBXFileReference; lastKnownFileType = file; path = sansation.ttf; sourceTree = "<group>"; };
		359D9D371D15E5630084567F /* icon.png */ = {isa = PBXFileReference; lastKnownFileType = image.png; path = icon.png; sourceTree = "<group>"; };
/* End PBXFileReference section */

/* Begin PBXFrameworksBuildPhase section */
		359D9D2C1D15E5630084567F /* Frameworks */ = {
			isa = PBXFrameworksBuildPhase;
			buildActionMask = 2147483647;
			files = (
			);
			runOnlyForDeploymentPostprocessing = 0;
		};
/* End PBXFrameworksBuildPhase section */

/* Begin PBXGroup section */
		359D9D261D15E5630084567F = {
			isa = PBXGroup;
			children = (
				359D9D301D15E5630084567F /* projet */,
				359D9D2F1D15E5630084567F /* Products */,
			);
			sourceTree = "<group>";
		};
		359D9D2F1D15E5630084567F /* Products */ = {
			isa = PBXGroup;
			children = (
				359D9D2E1D15E5630084567F /* projet */,
			);
			name = Products;
			sourceTree = "<group>";
		};
		359D9D301D15E5630084567F /* projet */ = {
			isa = PBXGroup;
			children = (
				359D9D311D15E5630084567F /* main.cpp */,
				359D9D331D15E5630084567F /* Resources */,
			);
			path = projet;
			sourceTree = "<group>";
		};
		359D9D331D15E5630084567F /* Resources */ = {
			isa = PBXGroup;
			children = (
				359D9D341D15E5630084567F /* cute_image.jpg */,
				359D9D351D15E5630084567F /* nice_music.ogg */,
				359D9D361D15E5630084567F /* sansation.ttf */,
				359D9D371D15E5630084567F /* icon.png */,
			);
			name = Resources;
			sourceTree = "<group>";
		};
/* End PBXGroup section */

/* Begin PBXNativeTarget section */
		359D9D2D1D15E5630084567F /* projet */ = {
			isa = PBXNativeTarget;
			buildConfigurationList = 359D9D3A1D15E5630084567F /* Build configuration list for PBXNativeTarget "projet" */;
			buildPhases = (
				359D9D2B1D15E5630084567F /* Sources */,
				359D9D2C1D15E5630084567F /* Frameworks */,
			);
			buildRules = (
			);
			dependencies = (
			);
			name = projet;
			productName = projet;
			productReference = 359D9D2E1D15E5630084567F /* projet */;
			productType = "com.apple.product-type.tool";
		};
/* End PBXNativeTarget section */

/* Begin PBXProject section */
		359D9D271D15E5630084567F /* Project object */ = {
			isa = PBXProject;
			attributes = {
				LastUpgradeCheck = 0720;
				ORGANIZATIONNAME = "Marianne Simon";
				TargetAttributes = {
					359D9D2D1D15E5630084567F = {
						CreatedOnToolsVersion = 7.2;
					};
				};
			};
			buildConfigurationList = 359D9D2A1D15E5630084567F /* Build configuration list for PBXProject "projet" */;
			compatibilityVersion = "Xcode 3.2";
			developmentRegion = English;
			hasScannedForEncodings = 0;
			knownRegions = (
				en,
			);
			mainGroup = 359D9D261D15E5630084567F;
			productRefGroup = 359D9D2F1D15E5630084567F /* Products */;
			projectDirPath = "";
			projectRoot = "";
			targets = (
				359D9D2D1D15E5630084567F /* projet */,
			);
		};
/* End PBXProject section */

/* Begin PBXSourcesBuildPhase section */
		359D9D2B1D15E5630084567F /* Sources */ = {
			isa = PBXSourcesBuildPhase;
			buildActionMask = 2147483647;
			files = (
				359D9D321D15E5630084567F /* main.cpp in Sources */,
			);
			runOnlyForDeploymentPostprocessing = 0;
		};
/* End PBXSourcesBuildPhase section */

/* Begin XCBuildConfiguration section */
		359D9D381D15E5630084567F /* Debug */ = {
			isa = XCBuildConfiguration;
			buildSettings = {
				ARCHS = (
					i386,
					x86_64,
				);
				CLANG_CXX_LANGUAGE_STANDARD = "c++0x";
				CLANG_CXX_LIBRARY = "libc++";
				FRAMEWORK_SEARCH_PATHS = (
					/Library/Frameworks/,
					"$(inherited)",
				);
				GCC_VERSION = com.apple.compilers.llvm.clang.1_0;
				HEADER_SEARCH_PATHS = (
					/usr/local/include/,
					"$(inherited)",
				);
				LIBRARY_SEARCH_PATHS = (
					/usr/local/lib/,
					"$(inherited)",
				);
				MACOSX_DEPLOYMENT_TARGET = 10.7;
				OTHER_LDFLAGS = (
					"$(inherited)",
					"$(SFML_SYSTEM)",
					"$(SFML_WINDOW)",
					"$(SFML_GRAPHICS)",
					"$(SFML_AUDIO)",
					"$(SFML_NETWORK)",
				);
				SFML_AUDIO = "$(SFML_LINK_PREFIX) sfml-audio$(SFML_LINK_SUFFIX)";
				SFML_BINARY_TYPE = FRAMEWORKS;
				SFML_GRAPHICS = "$(SFML_LINK_PREFIX) sfml-graphics$(SFML_LINK_SUFFIX)";
				SFML_LINK_DYLIBS_PREFIX = "-l";
				SFML_LINK_DYLIBS_SUFFIX = "";
				SFML_LINK_FRAMEWORKS_PREFIX = "-framework";
				SFML_LINK_FRAMEWORKS_SUFFIX = "";
				SFML_LINK_PREFIX = "$(SFML_LINK_$(SFML_BINARY_TYPE)_PREFIX)";
				SFML_LINK_SUFFIX = "$(SFML_LINK_$(SFML_BINARY_TYPE)_SUFFIX)";
				SFML_NETWORK = "$(SFML_LINK_PREFIX) sfml-network$(SFML_LINK_SUFFIX)";
				SFML_SYSTEM = "$(SFML_LINK_PREFIX) sfml-system$(SFML_LINK_SUFFIX)";
				SFML_WINDOW = "$(SFML_LINK_PREFIX) sfml-window$(SFML_LINK_SUFFIX)";
				SUPPORTED_PLATFORMS = macosx;
			};
			name = Debug;
		};
		359D9D391D15E5630084567F /* Release */ = {
			isa = XCBuildConfiguration;
			buildSettings = {
				ARCHS = (
					i386,
					x86_64,
				);
				CLANG_CXX_LANGUAGE_STANDARD = "c++0x";
				CLANG_CXX_LIBRARY = "libc++";
				FRAMEWORK_SEARCH_PATHS = (
					/Library/Frameworks/,
					"$(inherited)",
				);
				GCC_VERSION = com.apple.compilers.llvm.clang.1_0;
				HEADER_SEARCH_PATHS = (
					/usr/local/include/,
					"$(inherited)",
				);
				LIBRARY_SEARCH_PATHS = (
					/usr/local/lib/,
					"$(inherited)",
				);
				MACOSX_DEPLOYMENT_TARGET = 10.7;
				OTHER_LDFLAGS = (
					"$(inherited)",
					"$(SFML_SYSTEM)",
					"$(SFML_WINDOW)",
					"$(SFML_GRAPHICS)",
					"$(SFML_AUDIO)",
					"$(SFML_NETWORK)",
				);
				SFML_AUDIO = "$(SFML_LINK_PREFIX) sfml-audio$(SFML_LINK_SUFFIX)";
				SFML_BINARY_TYPE = FRAMEWORKS;
				SFML_GRAPHICS = "$(SFML_LINK_PREFIX) sfml-graphics$(SFML_LINK_SUFFIX)";
				SFML_LINK_DYLIBS_PREFIX = "-l";
				SFML_LINK_DYLIBS_SUFFIX = "";
				SFML_LINK_FRAMEWORKS_PREFIX = "-framework";
				SFML_LINK_FRAMEWORKS_SUFFIX = "";
				SFML_LINK_PREFIX = "$(SFML_LINK_$(SFML_BINARY_TYPE)_PREFIX)";
				SFML_LINK_SUFFIX = "$(SFML_LINK_$(SFML_BINARY_TYPE)_SUFFIX)";
				SFML_NETWORK = "$(SFML_LINK_PREFIX) sfml-network$(SFML_LINK_SUFFIX)";
				SFML_SYSTEM = "$(SFML_LINK_PREFIX) sfml-system$(SFML_LINK_SUFFIX)";
				SFML_WINDOW = "$(SFML_LINK_PREFIX) sfml-window$(SFML_LINK_SUFFIX)";
				SUPPORTED_PLATFORMS = macosx;
			};
			name = Release;
		};
		359D9D3B1D15E5630084567F /* Debug */ = {
			isa = XCBuildConfiguration;
			buildSettings = {
				PRODUCT_NAME = "$(TARGET_NAME)";
			};
			name = Debug;
		};
		359D9D3C1D15E5630084567F /* Release */ = {
			isa = XCBuildConfiguration;
			buildSettings = {
				PRODUCT_NAME = "$(TARGET_NAME)";
			};
			name = Release;
		};
/* End XCBuildConfiguration section */

/* Begin XCConfigurationList section */
		359D9D2A1D15E5630084567F /* Build configuration list for PBXProject "projet" */ = {
			isa = XCConfigurationList;
			buildConfigurations = (
				359D9D381D15E5630084567F /* Debug */,
				359D9D391D15E5630084567F /* Release */,
			);
			defaultConfigurationIsVisible = 0;
			defaultConfigurationName = Release;
		};
		359D9D3A1D15E5630084567F /* Build configuration list for PBXNativeTarget "projet" */ = {
			isa = XCConfigurationList;
			buildConfigurations = (
				359D9D3B1D15E5630084567F /* Debug */,
				359D9D3C1D15E5630084567F /* Release */,
			);
			defaultConfigurationIsVisible = 0;
		};
/* End XCConfigurationList section */
	};
	rootObject = 359D9D271D15E5630084567F /* Project object */;
}
